
Microsoft Visual Studio Solution File, Format Version 12.00
# Visual Studio Version 17
VisualStudioVersion = 17.11.35327.3
MinimumVisualStudioVersion = 10.0.40219.1
Project("{FAE04EC0-301F-11D3-BF4B-00C04F79EFBC}") = "Poblem Solving", "Poblem Solving\Poblem Solving.csproj", "{0FA2A7A9-A364-4C10-ABB8-344C3DBD937B}"
EndProject
Global
	GlobalSection(SolutionConfigurationPlatforms) = preSolution
		Debug|Any CPU = Debug|Any CPU
		Release|Any CPU = Release|Any CPU
	EndGlobalSection
	GlobalSection(ProjectConfigurationPlatforms) = postSolution
		{0FA2A7A9-A364-4C10-ABB8-344C3DBD937B}.Debug|Any CPU.ActiveCfg = Debug|Any CPU
		{0FA2A7A9-A364-4C10-ABB8-344C3DBD937B}.Debug|Any CPU.Build.0 = Debug|Any CPU
		{0FA2A7A9-A364-4C10-ABB8-344C3DBD937B}.Release|Any CPU.ActiveCfg = Release|Any CPU
		{0FA2A7A9-A364-4C10-ABB8-344C3DBD937B}.Release|Any CPU.Build.0 = Release|Any CPU
	EndGlobalSection
	GlobalSection(SolutionProperties) = preSolution
		HideSolutionNode = FALSE
	EndGlobalSection
	GlobalSection(ExtensibilityGlobals) = postSolution
		SolutionGuid = {9BC3B5AA-C898-41BF-B90B-9F1654160806}
	EndGlobalSection
EndGlobal
